
Microsoft Visual Studio Solution File, Format Version 12.00
# Visual Studio 14
VisualStudioVersion = 14.0.24720.0
MinimumVisualStudioVersion = 10.0.40219.1
Project("{FAE04EC0-301F-11D3-BF4B-00C04F79EFBC}") = "fun.Core", "fun.Core\fun.Core.csproj", "{80175F3B-2C0D-4A9E-9944-B69ABF3E8006}"
EndProject
Project("{FAE04EC0-301F-11D3-BF4B-00C04F79EFBC}") = "fun.Basics", "fun.Basics\fun.Basics.csproj", "{24FABEA8-9481-4EDB-B0B5-81CB94731690}"
EndProject
Project("{FAE04EC0-301F-11D3-BF4B-00C04F79EFBC}") = "fun.Client", "fun.Client\fun.Client.csproj", "{63C0E4AC-8032-4690-936C-CE11A10F27EC}"
EndProject
Project("{FAE04EC0-301F-11D3-BF4B-00C04F79EFBC}") = "fun.IO", "fun.IO\fun.IO.csproj", "{9B61BB6A-A8FC-4795-A9FA-3B3C60F28B15}"
EndProject
Project("{FAE04EC0-301F-11D3-BF4B-00C04F79EFBC}") = "fun.Test", "fun.Test\fun.Test.csproj", "{28E7F305-4969-4651-BD5A-E12FE427A603}"
EndProject
Project("{2150E333-8FDC-42A3-9474-1A3956D46DE8}") = "Libs", "Libs", "{B31C8C4A-7877-4D10-A051-A118C5199578}"
	ProjectSection(SolutionItems) = preProject
		Libs\CjClutter.ObjLoader.Loader.dll = Libs\CjClutter.ObjLoader.Loader.dll
		Libs\OpenTK.dll = Libs\OpenTK.dll
		Libs\OpenTK.xml = Libs\OpenTK.xml
	EndProjectSection
EndProject
Project("{FAE04EC0-301F-11D3-BF4B-00C04F79EFBC}") = "fun.Editor", "fun.Editor\fun.Editor.csproj", "{F02AE438-22DC-4DC7-AFCD-6CA5E47322DE}"
EndProject
Project("{FAE04EC0-301F-11D3-BF4B-00C04F79EFBC}") = "fun.Network", "fun.Network\fun.Network.csproj", "{5C9C87CF-EBE2-4B4C-A478-B4A96E4129A4}"
EndProject
Project("{FAE04EC0-301F-11D3-BF4B-00C04F79EFBC}") = "fun.Host", "fun.Host\fun.Host.csproj", "{A69584B5-806C-45E4-83BA-7677A65C9E45}"
EndProject
Project("{FAE04EC0-301F-11D3-BF4B-00C04F79EFBC}") = "fun.Editor.GUI", "fun.Editor.GUI\fun.Editor.GUI.csproj", "{30205F2D-3CAB-47A9-A964-A70E24932D74}"
EndProject
Global
	GlobalSection(SolutionConfigurationPlatforms) = preSolution
		Debug|Any CPU = Debug|Any CPU
		Debug|Mixed Platforms = Debug|Mixed Platforms
		Debug|x86 = Debug|x86
		Release|Any CPU = Release|Any CPU
		Release|Mixed Platforms = Release|Mixed Platforms
		Release|x86 = Release|x86
	EndGlobalSection
	GlobalSection(ProjectConfigurationPlatforms) = postSolution
		{80175F3B-2C0D-4A9E-9944-B69ABF3E8006}.Debug|Any CPU.ActiveCfg = Debug|Any CPU
		{80175F3B-2C0D-4A9E-9944-B69ABF3E8006}.Debug|Any CPU.Build.0 = Debug|Any CPU
		{80175F3B-2C0D-4A9E-9944-B69ABF3E8006}.Debug|Mixed Platforms.ActiveCfg = Debug|Any CPU
		{80175F3B-2C0D-4A9E-9944-B69ABF3E8006}.Debug|Mixed Platforms.Build.0 = Debug|Any CPU
		{80175F3B-2C0D-4A9E-9944-B69ABF3E8006}.Debug|x86.ActiveCfg = Debug|Any CPU
		{80175F3B-2C0D-4A9E-9944-B69ABF3E8006}.Release|Any CPU.ActiveCfg = Release|Any CPU
		{80175F3B-2C0D-4A9E-9944-B69ABF3E8006}.Release|Any CPU.Build.0 = Release|Any CPU
		{80175F3B-2C0D-4A9E-9944-B69ABF3E8006}.Release|Mixed Platforms.ActiveCfg = Release|Any CPU
		{80175F3B-2C0D-4A9E-9944-B69ABF3E8006}.Release|Mixed Platforms.Build.0 = Release|Any CPU
		{80175F3B-2C0D-4A9E-9944-B69ABF3E8006}.Release|x86.ActiveCfg = Release|Any CPU
		{24FABEA8-9481-4EDB-B0B5-81CB94731690}.Debug|Any CPU.ActiveCfg = Debug|Any CPU
		{24FABEA8-9481-4EDB-B0B5-81CB94731690}.Debug|Any CPU.Build.0 = Debug|Any CPU
		{24FABEA8-9481-4EDB-B0B5-81CB94731690}.Debug|Mixed Platforms.ActiveCfg = Debug|Any CPU
		{24FABEA8-9481-4EDB-B0B5-81CB94731690}.Debug|Mixed Platforms.Build.0 = Debug|Any CPU
		{24FABEA8-9481-4EDB-B0B5-81CB94731690}.Debug|x86.ActiveCfg = Debug|Any CPU
		{24FABEA8-9481-4EDB-B0B5-81CB94731690}.Release|Any CPU.ActiveCfg = Release|Any CPU
		{24FABEA8-9481-4EDB-B0B5-81CB94731690}.Release|Any CPU.Build.0 = Release|Any CPU
		{24FABEA8-9481-4EDB-B0B5-81CB94731690}.Release|Mixed Platforms.ActiveCfg = Release|Any CPU
		{24FABEA8-9481-4EDB-B0B5-81CB94731690}.Release|Mixed Platforms.Build.0 = Release|Any CPU
		{24FABEA8-9481-4EDB-B0B5-81CB94731690}.Release|x86.ActiveCfg = Release|Any CPU
		{63C0E4AC-8032-4690-936C-CE11A10F27EC}.Debug|Any CPU.ActiveCfg = Debug|Any CPU
		{63C0E4AC-8032-4690-936C-CE11A10F27EC}.Debug|Any CPU.Build.0 = Debug|Any CPU
		{63C0E4AC-8032-4690-936C-CE11A10F27EC}.Debug|Mixed Platforms.ActiveCfg = Debug|Any CPU
		{63C0E4AC-8032-4690-936C-CE11A10F27EC}.Debug|Mixed Platforms.Build.0 = Debug|Any CPU
		{63C0E4AC-8032-4690-936C-CE11A10F27EC}.Debug|x86.ActiveCfg = Debug|Any CPU
		{63C0E4AC-8032-4690-936C-CE11A10F27EC}.Release|Any CPU.ActiveCfg = Release|Any CPU
		{63C0E4AC-8032-4690-936C-CE11A10F27EC}.Release|Any CPU.Build.0 = Release|Any CPU
		{63C0E4AC-8032-4690-936C-CE11A10F27EC}.Release|Mixed Platforms.ActiveCfg = Release|Any CPU
		{63C0E4AC-8032-4690-936C-CE11A10F27EC}.Release|Mixed Platforms.Build.0 = Release|Any CPU
		{63C0E4AC-8032-4690-936C-CE11A10F27EC}.Release|x86.ActiveCfg = Release|Any CPU
		{9B61BB6A-A8FC-4795-A9FA-3B3C60F28B15}.Debug|Any CPU.ActiveCfg = Debug|Any CPU
		{9B61BB6A-A8FC-4795-A9FA-3B3C60F28B15}.Debug|Any CPU.Build.0 = Debug|Any CPU
		{9B61BB6A-A8FC-4795-A9FA-3B3C60F28B15}.Debug|Mixed Platforms.ActiveCfg = Debug|Any CPU
		{9B61BB6A-A8FC-4795-A9FA-3B3C60F28B15}.Debug|Mixed Platforms.Build.0 = Debug|Any CPU
		{9B61BB6A-A8FC-4795-A9FA-3B3C60F28B15}.Debug|x86.ActiveCfg = Debug|Any CPU
		{9B61BB6A-A8FC-4795-A9FA-3B3C60F28B15}.Release|Any CPU.ActiveCfg = Release|Any CPU
		{9B61BB6A-A8FC-4795-A9FA-3B3C60F28B15}.Release|Any CPU.Build.0 = Release|Any CPU
		{9B61BB6A-A8FC-4795-A9FA-3B3C60F28B15}.Release|Mixed Platforms.ActiveCfg = Release|Any CPU
		{9B61BB6A-A8FC-4795-A9FA-3B3C60F28B15}.Release|Mixed Platforms.Build.0 = Release|Any CPU
		{9B61BB6A-A8FC-4795-A9FA-3B3C60F28B15}.Release|x86.ActiveCfg = Release|Any CPU
		{28E7F305-4969-4651-BD5A-E12FE427A603}.Debug|Any CPU.ActiveCfg = Debug|Any CPU
		{28E7F305-4969-4651-BD5A-E12FE427A603}.Debug|Any CPU.Build.0 = Debug|Any CPU
		{28E7F305-4969-4651-BD5A-E12FE427A603}.Debug|Mixed Platforms.ActiveCfg = Debug|Any CPU
		{28E7F305-4969-4651-BD5A-E12FE427A603}.Debug|Mixed Platforms.Build.0 = Debug|Any CPU
		{28E7F305-4969-4651-BD5A-E12FE427A603}.Debug|x86.ActiveCfg = Debug|Any CPU
		{28E7F305-4969-4651-BD5A-E12FE427A603}.Release|Any CPU.ActiveCfg = Release|Any CPU
		{28E7F305-4969-4651-BD5A-E12FE427A603}.Release|Any CPU.Build.0 = Release|Any CPU
		{28E7F305-4969-4651-BD5A-E12FE427A603}.Release|Mixed Platforms.ActiveCfg = Release|Any CPU
		{28E7F305-4969-4651-BD5A-E12FE427A603}.Release|Mixed Platforms.Build.0 = Release|Any CPU
		{28E7F305-4969-4651-BD5A-E12FE427A603}.Release|x86.ActiveCfg = Release|Any CPU
		{F02AE438-22DC-4DC7-AFCD-6CA5E47322DE}.Debug|Any CPU.ActiveCfg = Debug|Any CPU
		{F02AE438-22DC-4DC7-AFCD-6CA5E47322DE}.Debug|Any CPU.Build.0 = Debug|Any CPU
		{F02AE438-22DC-4DC7-AFCD-6CA5E47322DE}.Debug|Mixed Platforms.ActiveCfg = Debug|Any CPU
		{F02AE438-22DC-4DC7-AFCD-6CA5E47322DE}.Debug|Mixed Platforms.Build.0 = Debug|Any CPU
		{F02AE438-22DC-4DC7-AFCD-6CA5E47322DE}.Debug|x86.ActiveCfg = Debug|Any CPU
		{F02AE438-22DC-4DC7-AFCD-6CA5E47322DE}.Debug|x86.Build.0 = Debug|Any CPU
		{F02AE438-22DC-4DC7-AFCD-6CA5E47322DE}.Release|Any CPU.ActiveCfg = Release|Any CPU
		{F02AE438-22DC-4DC7-AFCD-6CA5E47322DE}.Release|Any CPU.Build.0 = Release|Any CPU
		{F02AE438-22DC-4DC7-AFCD-6CA5E47322DE}.Release|Mixed Platforms.ActiveCfg = Release|Any CPU
		{F02AE438-22DC-4DC7-AFCD-6CA5E47322DE}.Release|Mixed Platforms.Build.0 = Release|Any CPU
		{F02AE438-22DC-4DC7-AFCD-6CA5E47322DE}.Release|x86.ActiveCfg = Release|Any CPU
		{F02AE438-22DC-4DC7-AFCD-6CA5E47322DE}.Release|x86.Build.0 = Release|Any CPU
		{5C9C87CF-EBE2-4B4C-A478-B4A96E4129A4}.Debug|Any CPU.ActiveCfg = Debug|Any CPU
		{5C9C87CF-EBE2-4B4C-A478-B4A96E4129A4}.Debug|Any CPU.Build.0 = Debug|Any CPU
		{5C9C87CF-EBE2-4B4C-A478-B4A96E4129A4}.Debug|Mixed Platforms.ActiveCfg = Debug|Any CPU
		{5C9C87CF-EBE2-4B4C-A478-B4A96E4129A4}.Debug|Mixed Platforms.Build.0 = Debug|Any CPU
		{5C9C87CF-EBE2-4B4C-A478-B4A96E4129A4}.Debug|x86.ActiveCfg = Debug|Any CPU
		{5C9C87CF-EBE2-4B4C-A478-B4A96E4129A4}.Release|Any CPU.ActiveCfg = Release|Any CPU
		{5C9C87CF-EBE2-4B4C-A478-B4A96E4129A4}.Release|Any CPU.Build.0 = Release|Any CPU
		{5C9C87CF-EBE2-4B4C-A478-B4A96E4129A4}.Release|Mixed Platforms.ActiveCfg = Release|Any CPU
		{5C9C87CF-EBE2-4B4C-A478-B4A96E4129A4}.Release|Mixed Platforms.Build.0 = Release|Any CPU
		{5C9C87CF-EBE2-4B4C-A478-B4A96E4129A4}.Release|x86.ActiveCfg = Release|Any CPU
		{A69584B5-806C-45E4-83BA-7677A65C9E45}.Debug|Any CPU.ActiveCfg = Debug|Any CPU
		{A69584B5-806C-45E4-83BA-7677A65C9E45}.Debug|Any CPU.Build.0 = Debug|Any CPU
		{A69584B5-806C-45E4-83BA-7677A65C9E45}.Debug|Mixed Platforms.ActiveCfg = Debug|Any CPU
		{A69584B5-806C-45E4-83BA-7677A65C9E45}.Debug|Mixed Platforms.Build.0 = Debug|Any CPU
		{A69584B5-806C-45E4-83BA-7677A65C9E45}.Debug|x86.ActiveCfg = Debug|Any CPU
		{A69584B5-806C-45E4-83BA-7677A65C9E45}.Release|Any CPU.ActiveCfg = Release|Any CPU
		{A69584B5-806C-45E4-83BA-7677A65C9E45}.Release|Any CPU.Build.0 = Release|Any CPU
		{A69584B5-806C-45E4-83BA-7677A65C9E45}.Release|Mixed Platforms.ActiveCfg = Release|Any CPU
		{A69584B5-806C-45E4-83BA-7677A65C9E45}.Release|Mixed Platforms.Build.0 = Release|Any CPU
		{A69584B5-806C-45E4-83BA-7677A65C9E45}.Release|x86.ActiveCfg = Release|Any CPU
		{30205F2D-3CAB-47A9-A964-A70E24932D74}.Debug|Any CPU.ActiveCfg = Debug|Any CPU
		{30205F2D-3CAB-47A9-A964-A70E24932D74}.Debug|Any CPU.Build.0 = Debug|Any CPU
		{30205F2D-3CAB-47A9-A964-A70E24932D74}.Debug|Mixed Platforms.ActiveCfg = Debug|Any CPU
		{30205F2D-3CAB-47A9-A964-A70E24932D74}.Debug|Mixed Platforms.Build.0 = Debug|Any CPU
		{30205F2D-3CAB-47A9-A964-A70E24932D74}.Debug|x86.ActiveCfg = Debug|Any CPU
		{30205F2D-3CAB-47A9-A964-A70E24932D74}.Debug|x86.Build.0 = Debug|Any CPU
		{30205F2D-3CAB-47A9-A964-A70E24932D74}.Release|Any CPU.ActiveCfg = Release|Any CPU
		{30205F2D-3CAB-47A9-A964-A70E24932D74}.Release|Any CPU.Build.0 = Release|Any CPU
		{30205F2D-3CAB-47A9-A964-A70E24932D74}.Release|Mixed Platforms.ActiveCfg = Release|Any CPU
		{30205F2D-3CAB-47A9-A964-A70E24932D74}.Release|Mixed Platforms.Build.0 = Release|Any CPU
		{30205F2D-3CAB-47A9-A964-A70E24932D74}.Release|x86.ActiveCfg = Release|Any CPU
		{30205F2D-3CAB-47A9-A964-A70E24932D74}.Release|x86.Build.0 = Release|Any CPU
	EndGlobalSection
	GlobalSection(SolutionProperties) = preSolution
		HideSolutionNode = FALSE
	EndGlobalSection
EndGlobal
